
Microsoft Visual Studio Solution File, Format Version 12.00
# Visual Studio Version 17
VisualStudioVersion = 17.5.33530.505
MinimumVisualStudioVersion = 10.0.40219.1
Project("{FAE04EC0-301F-11D3-BF4B-00C04F79EFBC}") = "ValidPass", "ValidPass\ValidPass.csproj", "{B27741E6-D6B9-4FC9-82D0-632CC6925236}"
EndProject
Global
	GlobalSection(SolutionConfigurationPlatforms) = preSolution
		Debug|Any CPU = Debug|Any CPU
		Release|Any CPU = Release|Any CPU
	EndGlobalSection
	GlobalSection(ProjectConfigurationPlatforms) = postSolution
		{B27741E6-D6B9-4FC9-82D0-632CC6925236}.Debug|Any CPU.ActiveCfg = Debug|Any CPU
		{B27741E6-D6B9-4FC9-82D0-632CC6925236}.Debug|Any CPU.Build.0 = Debug|Any CPU
		{B27741E6-D6B9-4FC9-82D0-632CC6925236}.Release|Any CPU.ActiveCfg = Release|Any CPU
		{B27741E6-D6B9-4FC9-82D0-632CC6925236}.Release|Any CPU.Build.0 = Release|Any CPU
	EndGlobalSection
	GlobalSection(SolutionProperties) = preSolution
		HideSolutionNode = FALSE
	EndGlobalSection
	GlobalSection(ExtensibilityGlobals) = postSolution
		SolutionGuid = {EDA74D26-A377-4956-B3EE-042CDF317AC5}
	EndGlobalSection
EndGlobal
