
Microsoft Visual Studio Solution File, Format Version 12.00
# Visual Studio Version 17
VisualStudioVersion = 17.5.33530.505
MinimumVisualStudioVersion = 10.0.40219.1
Project("{FAE04EC0-301F-11D3-BF4B-00C04F79EFBC}") = "Ejercicio1", "Ejercicio1\Ejercicio1.csproj", "{4CEEAB62-76EB-4CEC-8FAB-C1B963B28568}"
EndProject
Global
	GlobalSection(SolutionConfigurationPlatforms) = preSolution
		Debug|Any CPU = Debug|Any CPU
		Release|Any CPU = Release|Any CPU
	EndGlobalSection
	GlobalSection(ProjectConfigurationPlatforms) = postSolution
		{4CEEAB62-76EB-4CEC-8FAB-C1B963B28568}.Debug|Any CPU.ActiveCfg = Debug|Any CPU
		{4CEEAB62-76EB-4CEC-8FAB-C1B963B28568}.Debug|Any CPU.Build.0 = Debug|Any CPU
		{4CEEAB62-76EB-4CEC-8FAB-C1B963B28568}.Release|Any CPU.ActiveCfg = Release|Any CPU
		{4CEEAB62-76EB-4CEC-8FAB-C1B963B28568}.Release|Any CPU.Build.0 = Release|Any CPU
	EndGlobalSection
	GlobalSection(SolutionProperties) = preSolution
		HideSolutionNode = FALSE
	EndGlobalSection
	GlobalSection(ExtensibilityGlobals) = postSolution
		SolutionGuid = {D5B64FF7-CC79-4EA6-ADE6-C5F529D8F862}
	EndGlobalSection
EndGlobal
