
Microsoft Visual Studio Solution File, Format Version 12.00
# Visual Studio Version 17
VisualStudioVersion = 17.5.33530.505
MinimumVisualStudioVersion = 10.0.40219.1
Project("{FAE04EC0-301F-11D3-BF4B-00C04F79EFBC}") = "Tienda", "Tienda\Tienda.csproj", "{38BE3389-BB8A-4EAD-9718-E6FD5AA49690}"
EndProject
Global
	GlobalSection(SolutionConfigurationPlatforms) = preSolution
		Debug|Any CPU = Debug|Any CPU
		Release|Any CPU = Release|Any CPU
	EndGlobalSection
	GlobalSection(ProjectConfigurationPlatforms) = postSolution
		{38BE3389-BB8A-4EAD-9718-E6FD5AA49690}.Debug|Any CPU.ActiveCfg = Debug|Any CPU
		{38BE3389-BB8A-4EAD-9718-E6FD5AA49690}.Debug|Any CPU.Build.0 = Debug|Any CPU
		{38BE3389-BB8A-4EAD-9718-E6FD5AA49690}.Release|Any CPU.ActiveCfg = Release|Any CPU
		{38BE3389-BB8A-4EAD-9718-E6FD5AA49690}.Release|Any CPU.Build.0 = Release|Any CPU
	EndGlobalSection
	GlobalSection(SolutionProperties) = preSolution
		HideSolutionNode = FALSE
	EndGlobalSection
	GlobalSection(ExtensibilityGlobals) = postSolution
		SolutionGuid = {425D8306-69B2-490C-918E-EE234952BB33}
	EndGlobalSection
EndGlobal
